
Microsoft Visual Studio Solution File, Format Version 12.00
# Visual Studio Version 17
VisualStudioVersion = 17.0.32112.339
MinimumVisualStudioVersion = 10.0.40219.1
Project("{FAE04EC0-301F-11D3-BF4B-00C04F79EFBC}") = "ImportGoogleSpreadSheets", "ImportGoogleSpreadSheets\ImportGoogleSpreadSheets.csproj", "{FB3D4C58-BF3F-40CE-8CDE-F283C6452F68}"
EndProject
Project("{FAE04EC0-301F-11D3-BF4B-00C04F79EFBC}") = "FinancialModel", "FinancialModel\FinancialModel.csproj", "{16F8BA91-3240-4AC0-A7A5-B6845735C2B1}"
EndProject
Project("{FAE04EC0-301F-11D3-BF4B-00C04F79EFBC}") = "GoogleFinancialSupport", "GoogleFinancialSupport\GoogleFinancialSupport.csproj", "{5589237C-B0C2-4C2D-BE00-54543E59E9D9}"
EndProject
Project("{FAE04EC0-301F-11D3-BF4B-00C04F79EFBC}") = "FinancialToolSupport", "FinancialToolSupport\FinancialToolSupport.csproj", "{0FF2F399-AC1F-406E-9C2C-F4D9BBA5EC79}"
EndProject
Global
	GlobalSection(SolutionConfigurationPlatforms) = preSolution
		Debug|Any CPU = Debug|Any CPU
		Release|Any CPU = Release|Any CPU
	EndGlobalSection
	GlobalSection(ProjectConfigurationPlatforms) = postSolution
		{FB3D4C58-BF3F-40CE-8CDE-F283C6452F68}.Debug|Any CPU.ActiveCfg = Debug|Any CPU
		{FB3D4C58-BF3F-40CE-8CDE-F283C6452F68}.Debug|Any CPU.Build.0 = Debug|Any CPU
		{FB3D4C58-BF3F-40CE-8CDE-F283C6452F68}.Release|Any CPU.ActiveCfg = Release|Any CPU
		{FB3D4C58-BF3F-40CE-8CDE-F283C6452F68}.Release|Any CPU.Build.0 = Release|Any CPU
		{16F8BA91-3240-4AC0-A7A5-B6845735C2B1}.Debug|Any CPU.ActiveCfg = Debug|Any CPU
		{16F8BA91-3240-4AC0-A7A5-B6845735C2B1}.Debug|Any CPU.Build.0 = Debug|Any CPU
		{16F8BA91-3240-4AC0-A7A5-B6845735C2B1}.Release|Any CPU.ActiveCfg = Release|Any CPU
		{16F8BA91-3240-4AC0-A7A5-B6845735C2B1}.Release|Any CPU.Build.0 = Release|Any CPU
		{5589237C-B0C2-4C2D-BE00-54543E59E9D9}.Debug|Any CPU.ActiveCfg = Debug|Any CPU
		{5589237C-B0C2-4C2D-BE00-54543E59E9D9}.Debug|Any CPU.Build.0 = Debug|Any CPU
		{5589237C-B0C2-4C2D-BE00-54543E59E9D9}.Release|Any CPU.ActiveCfg = Release|Any CPU
		{5589237C-B0C2-4C2D-BE00-54543E59E9D9}.Release|Any CPU.Build.0 = Release|Any CPU
		{0FF2F399-AC1F-406E-9C2C-F4D9BBA5EC79}.Debug|Any CPU.ActiveCfg = Debug|Any CPU
		{0FF2F399-AC1F-406E-9C2C-F4D9BBA5EC79}.Debug|Any CPU.Build.0 = Debug|Any CPU
		{0FF2F399-AC1F-406E-9C2C-F4D9BBA5EC79}.Release|Any CPU.ActiveCfg = Release|Any CPU
		{0FF2F399-AC1F-406E-9C2C-F4D9BBA5EC79}.Release|Any CPU.Build.0 = Release|Any CPU
	EndGlobalSection
	GlobalSection(SolutionProperties) = preSolution
		HideSolutionNode = FALSE
	EndGlobalSection
	GlobalSection(ExtensibilityGlobals) = postSolution
		SolutionGuid = {10666CC9-9E67-4986-B516-48C1FC0AE898}
	EndGlobalSection
EndGlobal
